
Microsoft Visual Studio Solution File, Format Version 12.00
# Visual Studio 2013
Project("{FAE04EC0-301F-11D3-BF4B-00C04F79EFBC}") = "UnityVS.eDice.Unity.TestHarness.CSharp", "UnityVS.eDice.Unity.TestHarness.CSharp.csproj", "{31265A78-EF75-3510-3E68-84F10D421401}"
EndProject
Global
	GlobalSection(SolutionConfigurationPlatforms) = preSolution
		Debug|Any CPU = Debug|Any CPU
		Release|Any CPU = Release|Any CPU
	EndGlobalSection
	GlobalSection(ProjectConfigurationPlatforms) = postSolution
		{31265A78-EF75-3510-3E68-84F10D421401}.Debug|Any CPU.ActiveCfg = Debug|Any CPU
		{31265A78-EF75-3510-3E68-84F10D421401}.Debug|Any CPU.Build.0 = Debug|Any CPU
		{31265A78-EF75-3510-3E68-84F10D421401}.Release|Any CPU.ActiveCfg = Release|Any CPU
		{31265A78-EF75-3510-3E68-84F10D421401}.Release|Any CPU.Build.0 = Release|Any CPU
	EndGlobalSection
	GlobalSection(SolutionProperties) = preSolution
		HideSolutionNode = FALSE
	EndGlobalSection
EndGlobal
